// !$*UTF8*$!
{
	archiveVersion = 1;
	classes = {
	};
	objectVersion = 50;
	objects = {

/* Begin PBXBuildFile section */
		260F7C3F23158B6E00B88C23 /* PBKDF2Configuration.m in Sources */ = {isa = PBXBuildFile; fileRef = 260F7C3823158B6E00B88C23 /* PBKDF2Configuration.m */; };
		260F7C4023158B6E00B88C23 /* PBKDF2Defaults.m in Sources */ = {isa = PBXBuildFile; fileRef = 260F7C3A23158B6E00B88C23 /* PBKDF2Defaults.m */; };
		260F7C4123158B6E00B88C23 /* PBKDF2Result.m in Sources */ = {isa = PBXBuildFile; fileRef = 260F7C3B23158B6E00B88C23 /* PBKDF2Result.m */; };
		263477DE2305B3DE00AB4A5F /* IBLSeed.m in Sources */ = {isa = PBXBuildFile; fileRef = 263477DD2305B3DE00AB4A5F /* IBLSeed.m */; };
		263477E22305B3EB00AB4A5F /* KeyFactory.m in Sources */ = {isa = PBXBuildFile; fileRef = 263477E12305B3EB00AB4A5F /* KeyFactory.m */; };
		263477E62305B51C00AB4A5F /* HKDFKit.m in Sources */ = {isa = PBXBuildFile; fileRef = 263477E42305B51C00AB4A5F /* HKDFKit.m */; };
		2669C34F22FC707E00015732 /* main.m in Sources */ = {isa = PBXBuildFile; fileRef = 2669C34E22FC707E00015732 /* main.m */; };
		2669C35E22FC72C000015732 /* Mnemonic.m in Sources */ = {isa = PBXBuildFile; fileRef = 2669C35D22FC72C000015732 /* Mnemonic.m */; };
		2669C36222FC785500015732 /* sha256.c in Sources */ = {isa = PBXBuildFile; fileRef = 2669C36122FC785500015732 /* sha256.c */; };
/* End PBXBuildFile section */

/* Begin PBXCopyFilesBuildPhase section */
		2669C34922FC707E00015732 /* CopyFiles */ = {
			isa = PBXCopyFilesBuildPhase;
			buildActionMask = 2147483647;
			dstPath = /usr/share/man/man1/;
			dstSubfolderSpec = 0;
			files = (
			);
			runOnlyForDeploymentPostprocessing = 1;
		};
/* End PBXCopyFilesBuildPhase section */

/* Begin PBXFileReference section */
		260F7C3823158B6E00B88C23 /* PBKDF2Configuration.m */ = {isa = PBXFileReference; fileEncoding = 4; lastKnownFileType = sourcecode.c.objc; path = PBKDF2Configuration.m; sourceTree = "<group>"; };
		260F7C3923158B6E00B88C23 /* PBKDF2Result.h */ = {isa = PBXFileReference; fileEncoding = 4; lastKnownFileType = sourcecode.c.h; path = PBKDF2Result.h; sourceTree = "<group>"; };
		260F7C3A23158B6E00B88C23 /* PBKDF2Defaults.m */ = {isa = PBXFileReference; fileEncoding = 4; lastKnownFileType = sourcecode.c.objc; path = PBKDF2Defaults.m; sourceTree = "<group>"; };
		260F7C3B23158B6E00B88C23 /* PBKDF2Result.m */ = {isa = PBXFileReference; fileEncoding = 4; lastKnownFileType = sourcecode.c.objc; path = PBKDF2Result.m; sourceTree = "<group>"; };
		260F7C3C23158B6E00B88C23 /* PBKDF2Configuration.h */ = {isa = PBXFileReference; fileEncoding = 4; lastKnownFileType = sourcecode.c.h; path = PBKDF2Configuration.h; sourceTree = "<group>"; };
		260F7C3D23158B6E00B88C23 /* PBKDF2Defaults.h */ = {isa = PBXFileReference; fileEncoding = 4; lastKnownFileType = sourcecode.c.h; path = PBKDF2Defaults.h; sourceTree = "<group>"; };
		260F7C3E23158B6E00B88C23 /* PBKDF2-Wrapper.h */ = {isa = PBXFileReference; fileEncoding = 4; lastKnownFileType = sourcecode.c.h; path = "PBKDF2-Wrapper.h"; sourceTree = "<group>"; };
		263477DC2305B3DE00AB4A5F /* IBLSeed.h */ = {isa = PBXFileReference; fileEncoding = 4; lastKnownFileType = sourcecode.c.h; path = IBLSeed.h; sourceTree = "<group>"; };
		263477DD2305B3DE00AB4A5F /* IBLSeed.m */ = {isa = PBXFileReference; fileEncoding = 4; lastKnownFileType = sourcecode.c.objc; path = IBLSeed.m; sourceTree = "<group>"; };
		263477E02305B3EB00AB4A5F /* KeyFactory.h */ = {isa = PBXFileReference; fileEncoding = 4; lastKnownFileType = sourcecode.c.h; path = KeyFactory.h; sourceTree = "<group>"; };
		263477E12305B3EB00AB4A5F /* KeyFactory.m */ = {isa = PBXFileReference; fileEncoding = 4; lastKnownFileType = sourcecode.c.objc; path = KeyFactory.m; sourceTree = "<group>"; };
		263477E42305B51C00AB4A5F /* HKDFKit.m */ = {isa = PBXFileReference; fileEncoding = 4; lastKnownFileType = sourcecode.c.objc; path = HKDFKit.m; sourceTree = "<group>"; };
		263477E52305B51C00AB4A5F /* HKDFKit.h */ = {isa = PBXFileReference; fileEncoding = 4; lastKnownFileType = sourcecode.c.h; path = HKDFKit.h; sourceTree = "<group>"; };
		2669C34B22FC707E00015732 /* LibraUnWraps */ = {isa = PBXFileReference; explicitFileType = "compiled.mach-o.executable"; includeInIndex = 0; path = LibraUnWraps; sourceTree = BUILT_PRODUCTS_DIR; };
		2669C34E22FC707E00015732 /* main.m */ = {isa = PBXFileReference; lastKnownFileType = sourcecode.c.objc; path = main.m; sourceTree = "<group>"; };
		2669C35C22FC72C000015732 /* Mnemonic.h */ = {isa = PBXFileReference; lastKnownFileType = sourcecode.c.h; path = Mnemonic.h; sourceTree = "<group>"; };
		2669C35D22FC72C000015732 /* Mnemonic.m */ = {isa = PBXFileReference; lastKnownFileType = sourcecode.c.objc; path = Mnemonic.m; sourceTree = "<group>"; };
		2669C36022FC785500015732 /* sha256.h */ = {isa = PBXFileReference; fileEncoding = 4; lastKnownFileType = sourcecode.c.h; path = sha256.h; sourceTree = "<group>"; };
		2669C36122FC785500015732 /* sha256.c */ = {isa = PBXFileReference; fileEncoding = 4; lastKnownFileType = sourcecode.c.c; path = sha256.c; sourceTree = "<group>"; };
/* End PBXFileReference section */

/* Begin PBXFrameworksBuildPhase section */
		2669C34822FC707E00015732 /* Frameworks */ = {
			isa = PBXFrameworksBuildPhase;
			buildActionMask = 2147483647;
			files = (
			);
			runOnlyForDeploymentPostprocessing = 0;
		};
/* End PBXFrameworksBuildPhase section */

/* Begin PBXGroup section */
		260F7C3723158B6E00B88C23 /* PKDF2 */ = {
			isa = PBXGroup;
			children = (
				260F7C3823158B6E00B88C23 /* PBKDF2Configuration.m */,
				260F7C3923158B6E00B88C23 /* PBKDF2Result.h */,
				260F7C3A23158B6E00B88C23 /* PBKDF2Defaults.m */,
				260F7C3B23158B6E00B88C23 /* PBKDF2Result.m */,
				260F7C3C23158B6E00B88C23 /* PBKDF2Configuration.h */,
				260F7C3D23158B6E00B88C23 /* PBKDF2Defaults.h */,
				260F7C3E23158B6E00B88C23 /* PBKDF2-Wrapper.h */,
			);
			name = PKDF2;
			path = code/PKDF2;
			sourceTree = "<group>";
		};
		263477DB2305B3DE00AB4A5F /* seeds */ = {
			isa = PBXGroup;
			children = (
				263477DC2305B3DE00AB4A5F /* IBLSeed.h */,
				263477DD2305B3DE00AB4A5F /* IBLSeed.m */,
			);
			path = seeds;
			sourceTree = "<group>";
		};
		263477DF2305B3EB00AB4A5F /* keys */ = {
			isa = PBXGroup;
			children = (
				263477E02305B3EB00AB4A5F /* KeyFactory.h */,
				263477E12305B3EB00AB4A5F /* KeyFactory.m */,
			);
			path = keys;
			sourceTree = "<group>";
		};
		263477E32305B51C00AB4A5F /* HKDFKit */ = {
			isa = PBXGroup;
			children = (
				263477E42305B51C00AB4A5F /* HKDFKit.m */,
				263477E52305B51C00AB4A5F /* HKDFKit.h */,
			);
			name = HKDFKit;
			path = "../../../../../../Downloads/HKDFKit-master/HKDFKit/HKDFKit";
			sourceTree = "<group>";
		};
		2669C34222FC707E00015732 = {
			isa = PBXGroup;
			children = (
				2669C34D22FC707E00015732 /* LibraUnWraps */,
				2669C34C22FC707E00015732 /* Products */,
			);
			sourceTree = "<group>";
		};
		2669C34C22FC707E00015732 /* Products */ = {
			isa = PBXGroup;
			children = (
				2669C34B22FC707E00015732 /* LibraUnWraps */,
			);
			name = Products;
			sourceTree = "<group>";
		};
		2669C34D22FC707E00015732 /* LibraUnWraps */ = {
			isa = PBXGroup;
			children = (
				260F7C3723158B6E00B88C23 /* PKDF2 */,
				2669C35F22FC785500015732 /* code */,
				2669C35522FC70B000015732 /* mnemonic */,
				263477DF2305B3EB00AB4A5F /* keys */,
				263477DB2305B3DE00AB4A5F /* seeds */,
				2669C34E22FC707E00015732 /* main.m */,
			);
			path = LibraUnWraps;
			sourceTree = "<group>";
		};
		2669C35522FC70B000015732 /* mnemonic */ = {
			isa = PBXGroup;
			children = (
				2669C35C22FC72C000015732 /* Mnemonic.h */,
				2669C35D22FC72C000015732 /* Mnemonic.m */,
			);
			path = mnemonic;
			sourceTree = "<group>";
		};
		2669C35F22FC785500015732 /* code */ = {
			isa = PBXGroup;
			children = (
				263477E32305B51C00AB4A5F /* HKDFKit */,
				2669C36022FC785500015732 /* sha256.h */,
				2669C36122FC785500015732 /* sha256.c */,
			);
			path = code;
			sourceTree = "<group>";
		};
/* End PBXGroup section */

/* Begin PBXNativeTarget section */
		2669C34A22FC707E00015732 /* LibraUnWraps */ = {
			isa = PBXNativeTarget;
			buildConfigurationList = 2669C35222FC707E00015732 /* Build configuration list for PBXNativeTarget "LibraUnWraps" */;
			buildPhases = (
				2669C34722FC707E00015732 /* Sources */,
				2669C34822FC707E00015732 /* Frameworks */,
				2669C34922FC707E00015732 /* CopyFiles */,
			);
			buildRules = (
			);
			dependencies = (
			);
			name = LibraUnWraps;
			productName = LibraUnWraps;
			productReference = 2669C34B22FC707E00015732 /* LibraUnWraps */;
			productType = "com.apple.product-type.tool";
		};
/* End PBXNativeTarget section */

/* Begin PBXProject section */
		2669C34322FC707E00015732 /* Project object */ = {
			isa = PBXProject;
			attributes = {
				LastUpgradeCheck = 1010;
				ORGANIZATIONNAME = simp;
				TargetAttributes = {
					2669C34A22FC707E00015732 = {
						CreatedOnToolsVersion = 10.1;
					};
				};
			};
			buildConfigurationList = 2669C34622FC707E00015732 /* Build configuration list for PBXProject "LibraUnWraps" */;
			compatibilityVersion = "Xcode 9.3";
			developmentRegion = en;
			hasScannedForEncodings = 0;
			knownRegions = (
				en,
			);
			mainGroup = 2669C34222FC707E00015732;
			productRefGroup = 2669C34C22FC707E00015732 /* Products */;
			projectDirPath = "";
			projectRoot = "";
			targets = (
				2669C34A22FC707E00015732 /* LibraUnWraps */,
			);
		};
/* End PBXProject section */

/* Begin PBXSourcesBuildPhase section */
		2669C34722FC707E00015732 /* Sources */ = {
			isa = PBXSourcesBuildPhase;
			buildActionMask = 2147483647;
			files = (
				263477E22305B3EB00AB4A5F /* KeyFactory.m in Sources */,
				260F7C3F23158B6E00B88C23 /* PBKDF2Configuration.m in Sources */,
				2669C34F22FC707E00015732 /* main.m in Sources */,
				263477DE2305B3DE00AB4A5F /* IBLSeed.m in Sources */,
				260F7C4123158B6E00B88C23 /* PBKDF2Result.m in Sources */,
				260F7C4023158B6E00B88C23 /* PBKDF2Defaults.m in Sources */,
				263477E62305B51C00AB4A5F /* HKDFKit.m in Sources */,
				2669C36222FC785500015732 /* sha256.c in Sources */,
				2669C35E22FC72C000015732 /* Mnemonic.m in Sources */,
			);
			runOnlyForDeploymentPostprocessing = 0;
		};
/* End PBXSourcesBuildPhase section */

/* Begin XCBuildConfiguration section */
		2669C35022FC707E00015732 /* Debug */ = {
			isa = XCBuildConfiguration;
			buildSettings = {
				ALWAYS_SEARCH_USER_PATHS = NO;
				CLANG_ANALYZER_NONNULL = YES;
				CLANG_ANALYZER_NUMBER_OBJECT_CONVERSION = YES_AGGRESSIVE;
				CLANG_CXX_LANGUAGE_STANDARD = "gnu++14";
				CLANG_CXX_LIBRARY = "libc++";
				CLANG_ENABLE_MODULES = YES;
				CLANG_ENABLE_OBJC_ARC = YES;
				CLANG_ENABLE_OBJC_WEAK = YES;
				CLANG_WARN_BLOCK_CAPTURE_AUTORELEASING = YES;
				CLANG_WARN_BOOL_CONVERSION = YES;
				CLANG_WARN_COMMA = YES;
				CLANG_WARN_CONSTANT_CONVERSION = YES;
				CLANG_WARN_DEPRECATED_OBJC_IMPLEMENTATIONS = YES;
				CLANG_WARN_DIRECT_OBJC_ISA_USAGE = YES_ERROR;
				CLANG_WARN_DOCUMENTATION_COMMENTS = YES;
				CLANG_WARN_EMPTY_BODY = YES;
				CLANG_WARN_ENUM_CONVERSION = YES;
				CLANG_WARN_INFINITE_RECURSION = YES;
				CLANG_WARN_INT_CONVERSION = YES;
				CLANG_WARN_NON_LITERAL_NULL_CONVERSION = YES;
				CLANG_WARN_OBJC_IMPLICIT_RETAIN_SELF = YES;
				CLANG_WARN_OBJC_LITERAL_CONVERSION = YES;
				CLANG_WARN_OBJC_ROOT_CLASS = YES_ERROR;
				CLANG_WARN_RANGE_LOOP_ANALYSIS = YES;
				CLANG_WARN_STRICT_PROTOTYPES = YES;
				CLANG_WARN_SUSPICIOUS_MOVE = YES;
				CLANG_WARN_UNGUARDED_AVAILABILITY = YES_AGGRESSIVE;
				CLANG_WARN_UNREACHABLE_CODE = YES;
				CLANG_WARN__DUPLICATE_METHOD_MATCH = YES;
				CODE_SIGN_IDENTITY = "Mac Developer";
				COPY_PHASE_STRIP = NO;
				DEBUG_INFORMATION_FORMAT = dwarf;
				ENABLE_STRICT_OBJC_MSGSEND = YES;
				ENABLE_TESTABILITY = YES;
				GCC_C_LANGUAGE_STANDARD = gnu11;
				GCC_DYNAMIC_NO_PIC = NO;
				GCC_NO_COMMON_BLOCKS = YES;
				GCC_OPTIMIZATION_LEVEL = 0;
				GCC_PREPROCESSOR_DEFINITIONS = (
					"DEBUG=1",
					"$(inherited)",
				);
				GCC_WARN_64_TO_32_BIT_CONVERSION = YES;
				GCC_WARN_ABOUT_RETURN_TYPE = YES_ERROR;
				GCC_WARN_UNDECLARED_SELECTOR = YES;
				GCC_WARN_UNINITIALIZED_AUTOS = YES_AGGRESSIVE;
				GCC_WARN_UNUSED_FUNCTION = YES;
				GCC_WARN_UNUSED_VARIABLE = YES;
				MACOSX_DEPLOYMENT_TARGET = 10.14;
				MTL_ENABLE_DEBUG_INFO = INCLUDE_SOURCE;
				MTL_FAST_MATH = YES;
				ONLY_ACTIVE_ARCH = YES;
				SDKROOT = macosx;
			};
			name = Debug;
		};
		2669C35122FC707E00015732 /* Release */ = {
			isa = XCBuildConfiguration;
			buildSettings = {
				ALWAYS_SEARCH_USER_PATHS = NO;
				CLANG_ANALYZER_NONNULL = YES;
				CLANG_ANALYZER_NUMBER_OBJECT_CONVERSION = YES_AGGRESSIVE;
				CLANG_CXX_LANGUAGE_STANDARD = "gnu++14";
				CLANG_CXX_LIBRARY = "libc++";
				CLANG_ENABLE_MODULES = YES;
				CLANG_ENABLE_OBJC_ARC = YES;
				CLANG_ENABLE_OBJC_WEAK = YES;
				CLANG_WARN_BLOCK_CAPTURE_AUTORELEASING = YES;
				CLANG_WARN_BOOL_CONVERSION = YES;
				CLANG_WARN_COMMA = YES;
				CLANG_WARN_CONSTANT_CONVERSION = YES;
				CLANG_WARN_DEPRECATED_OBJC_IMPLEMENTATIONS = YES;
				CLANG_WARN_DIRECT_OBJC_ISA_USAGE = YES_ERROR;
				CLANG_WARN_DOCUMENTATION_COMMENTS = YES;
				CLANG_WARN_EMPTY_BODY = YES;
				CLANG_WARN_ENUM_CONVERSION = YES;
				CLANG_WARN_INFINITE_RECURSION = YES;
				CLANG_WARN_INT_CONVERSION = YES;
				CLANG_WARN_NON_LITERAL_NULL_CONVERSION = YES;
				CLANG_WARN_OBJC_IMPLICIT_RETAIN_SELF = YES;
				CLANG_WARN_OBJC_LITERAL_CONVERSION = YES;
				CLANG_WARN_OBJC_ROOT_CLASS = YES_ERROR;
				CLANG_WARN_RANGE_LOOP_ANALYSIS = YES;
				CLANG_WARN_STRICT_PROTOTYPES = YES;
				CLANG_WARN_SUSPICIOUS_MOVE = YES;
				CLANG_WARN_UNGUARDED_AVAILABILITY = YES_AGGRESSIVE;
				CLANG_WARN_UNREACHABLE_CODE = YES;
				CLANG_WARN__DUPLICATE_METHOD_MATCH = YES;
				CODE_SIGN_IDENTITY = "Mac Developer";
				COPY_PHASE_STRIP = NO;
				DEBUG_INFORMATION_FORMAT = "dwarf-with-dsym";
				ENABLE_NS_ASSERTIONS = NO;
				ENABLE_STRICT_OBJC_MSGSEND = YES;
				GCC_C_LANGUAGE_STANDARD = gnu11;
				GCC_NO_COMMON_BLOCKS = YES;
				GCC_WARN_64_TO_32_BIT_CONVERSION = YES;
				GCC_WARN_ABOUT_RETURN_TYPE = YES_ERROR;
				GCC_WARN_UNDECLARED_SELECTOR = YES;
				GCC_WARN_UNINITIALIZED_AUTOS = YES_AGGRESSIVE;
				GCC_WARN_UNUSED_FUNCTION = YES;
				GCC_WARN_UNUSED_VARIABLE = YES;
				MACOSX_DEPLOYMENT_TARGET = 10.14;
				MTL_ENABLE_DEBUG_INFO = NO;
				MTL_FAST_MATH = YES;
				SDKROOT = macosx;
			};
			name = Release;
		};
		2669C35322FC707E00015732 /* Debug */ = {
			isa = XCBuildConfiguration;
			buildSettings = {
				CODE_SIGN_STYLE = Automatic;
				DEVELOPMENT_TEAM = 4SND9369ME;
				PRODUCT_NAME = "$(TARGET_NAME)";
			};
			name = Debug;
		};
		2669C35422FC707E00015732 /* Release */ = {
			isa = XCBuildConfiguration;
			buildSettings = {
				CODE_SIGN_STYLE = Automatic;
				DEVELOPMENT_TEAM = 4SND9369ME;
				PRODUCT_NAME = "$(TARGET_NAME)";
			};
			name = Release;
		};
/* End XCBuildConfiguration section */

/* Begin XCConfigurationList section */
		2669C34622FC707E00015732 /* Build configuration list for PBXProject "LibraUnWraps" */ = {
			isa = XCConfigurationList;
			buildConfigurations = (
				2669C35022FC707E00015732 /* Debug */,
				2669C35122FC707E00015732 /* Release */,
			);
			defaultConfigurationIsVisible = 0;
			defaultConfigurationName = Release;
		};
		2669C35222FC707E00015732 /* Build configuration list for PBXNativeTarget "LibraUnWraps" */ = {
			isa = XCConfigurationList;
			buildConfigurations = (
				2669C35322FC707E00015732 /* Debug */,
				2669C35422FC707E00015732 /* Release */,
			);
			defaultConfigurationIsVisible = 0;
			defaultConfigurationName = Release;
		};
/* End XCConfigurationList section */
	};
	rootObject = 2669C34322FC707E00015732 /* Project object */;
}
